
Microsoft Visual Studio Solution File, Format Version 12.00
# Visual Studio Version 16
VisualStudioVersion = 16.0.31515.178
MinimumVisualStudioVersion = 10.0.40219.1
Project("{FAE04EC0-301F-11D3-BF4B-00C04F79EFBC}") = "WEBCOREPROJETOLP", "WEBCOREPROJETOLP\WEBCOREPROJETOLP.csproj", "{A934F1DC-9E96-4F4E-A813-D52A5748FEE9}"
EndProject
Global
	GlobalSection(SolutionConfigurationPlatforms) = preSolution
		Debug|Any CPU = Debug|Any CPU
		Release|Any CPU = Release|Any CPU
	EndGlobalSection
	GlobalSection(ProjectConfigurationPlatforms) = postSolution
		{A934F1DC-9E96-4F4E-A813-D52A5748FEE9}.Debug|Any CPU.ActiveCfg = Debug|Any CPU
		{A934F1DC-9E96-4F4E-A813-D52A5748FEE9}.Debug|Any CPU.Build.0 = Debug|Any CPU
		{A934F1DC-9E96-4F4E-A813-D52A5748FEE9}.Release|Any CPU.ActiveCfg = Release|Any CPU
		{A934F1DC-9E96-4F4E-A813-D52A5748FEE9}.Release|Any CPU.Build.0 = Release|Any CPU
	EndGlobalSection
	GlobalSection(SolutionProperties) = preSolution
		HideSolutionNode = FALSE
	EndGlobalSection
	GlobalSection(ExtensibilityGlobals) = postSolution
		SolutionGuid = {4C3B6328-0A50-4688-BC7D-60738EF1FCD7}
	EndGlobalSection
EndGlobal
